{
  "name": "githook-test",
  "version": "1.0.0",
  "lockfileVersion": 1,
  "requires": true,
  "dependencies": {
    "eslint-config-emarsys": {
      "version": "5.1.0",
      "resolved": "https://registry.npmjs.org/eslint-config-emarsys/-/eslint-config-emarsys-5.1.0.tgz",
      "integrity": "sha512-nmtJrtl7FAItCdUVp9eu5jAKOsgMpskFB4hOTD1J1XPuEKJSVuNLfm0JL1o7ekjydslowV/CcAjnZAiQFrvbsQ==",
      "dev": true,
      "requires": {
        "eslint-plugin-no-only-tests": "2.0.0",
        "eslint-plugin-security": "1.2.0"
      },
      "dependencies": {
        "eslint-plugin-no-only-tests": {
          "version": "2.0.0",
          "resolved": "https://registry.npmjs.org/eslint-plugin-no-only-tests/-/eslint-plugin-no-only-tests-2.0.0.tgz",
          "integrity": "sha512-1huEDo1+Yu2thtdxxzkB0lfPlD1ltNqxyFAO4HfFjB5AVh7FCsAENtJtCjMXmUjyCKgeF1bTnDFJqpIWMkdZtA==",
          "dev": true
        },
        "eslint-plugin-security": {
          "version": "1.2.0",
          "resolved": "https://registry.npmjs.org/eslint-plugin-security/-/eslint-plugin-security-1.2.0.tgz",
          "integrity": "sha1-/avL6WSSetvS9zyuZU5BiHNlBPg=",
          "dev": true,
          "requires": {
            "safe-regex": "^1.1.0"
          }
        }
      }
    },
    "eslint-plugin-mocha": {
      "version": "5.3.0",
      "resolved": "https://registry.npmjs.org/eslint-plugin-mocha/-/eslint-plugin-mocha-5.3.0.tgz",
      "integrity": "sha512-3uwlJVLijjEmBeNyH60nzqgA1gacUWLUmcKV8PIGNvj1kwP/CTgAWQHn2ayyJVwziX+KETkr9opNwT1qD/RZ5A==",
      "dev": true,
      "requires": {
        "ramda": "^0.26.1"
      }
    },
    "eslint-plugin-no-only-tests": {
      "version": "2.3.0",
      "resolved": "https://registry.npmjs.org/eslint-plugin-no-only-tests/-/eslint-plugin-no-only-tests-2.3.0.tgz",
      "integrity": "sha512-5YZvazTJLWrGU8WUq3xp0Eot02zK/yUT9GoVjrFdXP8flVqH6YBdC6PsAKBRIpcs48WvSfSYrmdwAj3a4d/Iyg==",
      "dev": true
    },
    "eslint-plugin-security": {
      "version": "1.4.0",
      "resolved": "https://registry.npmjs.org/eslint-plugin-security/-/eslint-plugin-security-1.4.0.tgz",
      "integrity": "sha512-xlS7P2PLMXeqfhyf3NpqbvbnW04kN8M9NtmhpR3XGyOvt/vNKS7XPXT5EDbwKW9vCjWH4PpfQvgD/+JgN0VJKA==",
      "dev": true,
      "requires": {
        "safe-regex": "^1.1.0"
      }
    },
    "ramda": {
      "version": "0.26.1",
      "resolved": "https://registry.npmjs.org/ramda/-/ramda-0.26.1.tgz",
      "integrity": "sha512-hLWjpy7EnsDBb0p+Z3B7rPi3GDeRG5ZtiI33kJhTt+ORCd38AbAIjB/9zRIUoeTbE/AVX5ZkU7m6bznsvrf8eQ==",
      "dev": true
    },
    "ret": {
      "version": "0.1.15",
      "resolved": "https://registry.npmjs.org/ret/-/ret-0.1.15.tgz",
      "integrity": "sha512-TTlYpa+OL+vMMNG24xSlQGEJ3B/RzEfUlLct7b5G/ytav+wPrplCpVMFuwzXbkecJrb6IYo1iFb0S9v37754mg==",
      "dev": true
    },
    "safe-regex": {
      "version": "1.1.0",
      "resolved": "https://registry.npmjs.org/safe-regex/-/safe-regex-1.1.0.tgz",
      "integrity": "sha1-QKNmnzsHfR6UPURinhV91IAjvy4=",
      "dev": true,
      "requires": {
        "ret": "~0.1.10"
      }
    }
  }
}
